
Microsoft Visual Studio Solution File, Format Version 12.00
# Visual Studio Version 16
VisualStudioVersion = 16.0.810.25
MinimumVisualStudioVersion = 10.0.40219.1
Project("{FAE04EC0-301F-11D3-BF4B-00C04F79EFBC}") = "RadioAmatuers", "RadioAmatuers.csproj", "{EAE7059F-A5F1-4F33-9A82-B6EEEA506FCA}"
EndProject
Global
	GlobalSection(SolutionConfigurationPlatforms) = preSolution
		Debug|Any CPU = Debug|Any CPU
		Release|Any CPU = Release|Any CPU
	EndGlobalSection
	GlobalSection(ProjectConfigurationPlatforms) = postSolution
		{EAE7059F-A5F1-4F33-9A82-B6EEEA506FCA}.Debug|Any CPU.ActiveCfg = Debug|Any CPU
		{EAE7059F-A5F1-4F33-9A82-B6EEEA506FCA}.Debug|Any CPU.Build.0 = Debug|Any CPU
		{EAE7059F-A5F1-4F33-9A82-B6EEEA506FCA}.Release|Any CPU.ActiveCfg = Release|Any CPU
		{EAE7059F-A5F1-4F33-9A82-B6EEEA506FCA}.Release|Any CPU.Build.0 = Release|Any CPU
	EndGlobalSection
	GlobalSection(SolutionProperties) = preSolution
		HideSolutionNode = FALSE
	EndGlobalSection
	GlobalSection(ExtensibilityGlobals) = postSolution
		SolutionGuid = {D19C2FE0-4EE6-4B71-B699-51C3BDE3A45C}
	EndGlobalSection
EndGlobal
